
Microsoft Visual Studio Solution File, Format Version 12.00
# Visual Studio Version 16
VisualStudioVersion = 16.0.30611.23
MinimumVisualStudioVersion = 10.0.40219.1
Project("{FAE04EC0-301F-11D3-BF4B-00C04F79EFBC}") = "BySeller", "BySeller\BySeller.csproj", "{454FB1FB-3BED-4462-828B-464F5A4BF97B}"
EndProject
Global
	GlobalSection(SolutionConfigurationPlatforms) = preSolution
		Debug|Any CPU = Debug|Any CPU
		Release|Any CPU = Release|Any CPU
	EndGlobalSection
	GlobalSection(ProjectConfigurationPlatforms) = postSolution
		{454FB1FB-3BED-4462-828B-464F5A4BF97B}.Debug|Any CPU.ActiveCfg = Debug|Any CPU
		{454FB1FB-3BED-4462-828B-464F5A4BF97B}.Debug|Any CPU.Build.0 = Debug|Any CPU
		{454FB1FB-3BED-4462-828B-464F5A4BF97B}.Release|Any CPU.ActiveCfg = Release|Any CPU
		{454FB1FB-3BED-4462-828B-464F5A4BF97B}.Release|Any CPU.Build.0 = Release|Any CPU
	EndGlobalSection
	GlobalSection(SolutionProperties) = preSolution
		HideSolutionNode = FALSE
	EndGlobalSection
	GlobalSection(ExtensibilityGlobals) = postSolution
		SolutionGuid = {64B6C5A8-E1EF-4F42-A361-E9CA350CF212}
	EndGlobalSection
EndGlobal
